
Microsoft Visual Studio Solution File, Format Version 11.00
# Visual Studio 2010
Project("{8BC9CEB8-8B4A-11D0-8D11-00A0C91BC942}") = "3DComputerGraphics_Assignment", "3DComputerGraphics_Assignment\3DComputerGraphics_Assignment.vcxproj", "{E5DF22A2-F9ED-4788-A901-01D18B5D2145}"
EndProject
Global
	GlobalSection(SolutionConfigurationPlatforms) = preSolution
		Debug|Win32 = Debug|Win32
		Release|Win32 = Release|Win32
	EndGlobalSection
	GlobalSection(ProjectConfigurationPlatforms) = postSolution
		{E5DF22A2-F9ED-4788-A901-01D18B5D2145}.Debug|Win32.ActiveCfg = Debug|Win32
		{E5DF22A2-F9ED-4788-A901-01D18B5D2145}.Debug|Win32.Build.0 = Debug|Win32
		{E5DF22A2-F9ED-4788-A901-01D18B5D2145}.Release|Win32.ActiveCfg = Release|Win32
		{E5DF22A2-F9ED-4788-A901-01D18B5D2145}.Release|Win32.Build.0 = Release|Win32
	EndGlobalSection
	GlobalSection(SolutionProperties) = preSolution
		HideSolutionNode = FALSE
	EndGlobalSection
EndGlobal
